// !$*UTF8*$!
{
	archiveVersion = 1;
	classes = {
	};
	objectVersion = 50;
	objects = {

/* Begin PBXBuildFile section */
		84E5579F2574F9B50075135D /* AppDelegate.swift in Sources */ = {isa = PBXBuildFile; fileRef = 84E5579E2574F9B50075135D /* AppDelegate.swift */; };
		84E557A12574F9B50075135D /* SceneDelegate.swift in Sources */ = {isa = PBXBuildFile; fileRef = 84E557A02574F9B50075135D /* SceneDelegate.swift */; };
		84E557A62574F9B50075135D /* Main.storyboard in Resources */ = {isa = PBXBuildFile; fileRef = 84E557A42574F9B50075135D /* Main.storyboard */; };
		84E557A82574F9B80075135D /* Assets.xcassets in Resources */ = {isa = PBXBuildFile; fileRef = 84E557A72574F9B80075135D /* Assets.xcassets */; };
		84E557AB2574F9B80075135D /* LaunchScreen.storyboard in Resources */ = {isa = PBXBuildFile; fileRef = 84E557A92574F9B80075135D /* LaunchScreen.storyboard */; };
		84E557BC2574FABD0075135D /* MainTabController.swift in Sources */ = {isa = PBXBuildFile; fileRef = 84E557BB2574FABD0075135D /* MainTabController.swift */; };
/* End PBXBuildFile section */

/* Begin PBXFileReference section */
		84E5579B2574F9B50075135D /* TWClone.app */ = {isa = PBXFileReference; explicitFileType = wrapper.application; includeInIndex = 0; path = TWClone.app; sourceTree = BUILT_PRODUCTS_DIR; };
		84E5579E2574F9B50075135D /* AppDelegate.swift */ = {isa = PBXFileReference; lastKnownFileType = sourcecode.swift; path = AppDelegate.swift; sourceTree = "<group>"; };
		84E557A02574F9B50075135D /* SceneDelegate.swift */ = {isa = PBXFileReference; lastKnownFileType = sourcecode.swift; path = SceneDelegate.swift; sourceTree = "<group>"; };
		84E557A52574F9B50075135D /* Base */ = {isa = PBXFileReference; lastKnownFileType = file.storyboard; name = Base; path = Base.lproj/Main.storyboard; sourceTree = "<group>"; };
		84E557A72574F9B80075135D /* Assets.xcassets */ = {isa = PBXFileReference; lastKnownFileType = folder.assetcatalog; path = Assets.xcassets; sourceTree = "<group>"; };
		84E557AA2574F9B80075135D /* Base */ = {isa = PBXFileReference; lastKnownFileType = file.storyboard; name = Base; path = Base.lproj/LaunchScreen.storyboard; sourceTree = "<group>"; };
		84E557AC2574F9B80075135D /* Info.plist */ = {isa = PBXFileReference; lastKnownFileType = text.plist.xml; path = Info.plist; sourceTree = "<group>"; };
		84E557BB2574FABD0075135D /* MainTabController.swift */ = {isa = PBXFileReference; lastKnownFileType = sourcecode.swift; path = MainTabController.swift; sourceTree = "<group>"; };
/* End PBXFileReference section */

/* Begin PBXFrameworksBuildPhase section */
		84E557982574F9B50075135D /* Frameworks */ = {
			isa = PBXFrameworksBuildPhase;
			buildActionMask = 2147483647;
			files = (
			);
			runOnlyForDeploymentPostprocessing = 0;
		};
/* End PBXFrameworksBuildPhase section */

/* Begin PBXGroup section */
		84E557922574F9B50075135D = {
			isa = PBXGroup;
			children = (
				84E5579D2574F9B50075135D /* TWClone */,
				84E5579C2574F9B50075135D /* Products */,
			);
			sourceTree = "<group>";
		};
		84E5579C2574F9B50075135D /* Products */ = {
			isa = PBXGroup;
			children = (
				84E5579B2574F9B50075135D /* TWClone.app */,
			);
			name = Products;
			sourceTree = "<group>";
		};
		84E5579D2574F9B50075135D /* TWClone */ = {
			isa = PBXGroup;
			children = (
				84E557B72574F9F50075135D /* Utils */,
				84E557B62574F9EE0075135D /* API */,
				84E557B52574F9CC0075135D /* Model */,
				84E557B32574F9C80075135D /* View */,
				84E557B42574F9C80075135D /* Controller */,
				84E5579E2574F9B50075135D /* AppDelegate.swift */,
				84E557A02574F9B50075135D /* SceneDelegate.swift */,
				84E557A42574F9B50075135D /* Main.storyboard */,
				84E557A72574F9B80075135D /* Assets.xcassets */,
				84E557A92574F9B80075135D /* LaunchScreen.storyboard */,
				84E557AC2574F9B80075135D /* Info.plist */,
			);
			path = TWClone;
			sourceTree = "<group>";
		};
		84E557B32574F9C80075135D /* View */ = {
			isa = PBXGroup;
			children = (
			);
			path = View;
			sourceTree = "<group>";
		};
		84E557B42574F9C80075135D /* Controller */ = {
			isa = PBXGroup;
			children = (
				84E557BB2574FABD0075135D /* MainTabController.swift */,
			);
			path = Controller;
			sourceTree = "<group>";
		};
		84E557B52574F9CC0075135D /* Model */ = {
			isa = PBXGroup;
			children = (
			);
			path = Model;
			sourceTree = "<group>";
		};
		84E557B62574F9EE0075135D /* API */ = {
			isa = PBXGroup;
			children = (
			);
			path = API;
			sourceTree = "<group>";
		};
		84E557B72574F9F50075135D /* Utils */ = {
			isa = PBXGroup;
			children = (
			);
			path = Utils;
			sourceTree = "<group>";
		};
/* End PBXGroup section */

/* Begin PBXNativeTarget section */
		84E5579A2574F9B50075135D /* TWClone */ = {
			isa = PBXNativeTarget;
			buildConfigurationList = 84E557AF2574F9B80075135D /* Build configuration list for PBXNativeTarget "TWClone" */;
			buildPhases = (
				84E557972574F9B50075135D /* Sources */,
				84E557982574F9B50075135D /* Frameworks */,
				84E557992574F9B50075135D /* Resources */,
			);
			buildRules = (
			);
			dependencies = (
			);
			name = TWClone;
			productName = TWClone;
			productReference = 84E5579B2574F9B50075135D /* TWClone.app */;
			productType = "com.apple.product-type.application";
		};
/* End PBXNativeTarget section */

/* Begin PBXProject section */
		84E557932574F9B50075135D /* Project object */ = {
			isa = PBXProject;
			attributes = {
				LastSwiftUpdateCheck = 1200;
				LastUpgradeCheck = 1200;
				TargetAttributes = {
					84E5579A2574F9B50075135D = {
						CreatedOnToolsVersion = 12.0;
					};
				};
			};
			buildConfigurationList = 84E557962574F9B50075135D /* Build configuration list for PBXProject "TWClone" */;
			compatibilityVersion = "Xcode 9.3";
			developmentRegion = en;
			hasScannedForEncodings = 0;
			knownRegions = (
				en,
				Base,
			);
			mainGroup = 84E557922574F9B50075135D;
			productRefGroup = 84E5579C2574F9B50075135D /* Products */;
			projectDirPath = "";
			projectRoot = "";
			targets = (
				84E5579A2574F9B50075135D /* TWClone */,
			);
		};
/* End PBXProject section */

/* Begin PBXResourcesBuildPhase section */
		84E557992574F9B50075135D /* Resources */ = {
			isa = PBXResourcesBuildPhase;
			buildActionMask = 2147483647;
			files = (
				84E557AB2574F9B80075135D /* LaunchScreen.storyboard in Resources */,
				84E557A82574F9B80075135D /* Assets.xcassets in Resources */,
				84E557A62574F9B50075135D /* Main.storyboard in Resources */,
			);
			runOnlyForDeploymentPostprocessing = 0;
		};
/* End PBXResourcesBuildPhase section */

/* Begin PBXSourcesBuildPhase section */
		84E557972574F9B50075135D /* Sources */ = {
			isa = PBXSourcesBuildPhase;
			buildActionMask = 2147483647;
			files = (
				84E5579F2574F9B50075135D /* AppDelegate.swift in Sources */,
				84E557A12574F9B50075135D /* SceneDelegate.swift in Sources */,
				84E557BC2574FABD0075135D /* MainTabController.swift in Sources */,
			);
			runOnlyForDeploymentPostprocessing = 0;
		};
/* End PBXSourcesBuildPhase section */

/* Begin PBXVariantGroup section */
		84E557A42574F9B50075135D /* Main.storyboard */ = {
			isa = PBXVariantGroup;
			children = (
				84E557A52574F9B50075135D /* Base */,
			);
			name = Main.storyboard;
			sourceTree = "<group>";
		};
		84E557A92574F9B80075135D /* LaunchScreen.storyboard */ = {
			isa = PBXVariantGroup;
			children = (
				84E557AA2574F9B80075135D /* Base */,
			);
			name = LaunchScreen.storyboard;
			sourceTree = "<group>";
		};
/* End PBXVariantGroup section */

/* Begin XCBuildConfiguration section */
		84E557AD2574F9B80075135D /* Debug */ = {
			isa = XCBuildConfiguration;
			buildSettings = {
				ALWAYS_SEARCH_USER_PATHS = NO;
				CLANG_ANALYZER_NONNULL = YES;
				CLANG_ANALYZER_NUMBER_OBJECT_CONVERSION = YES_AGGRESSIVE;
				CLANG_CXX_LANGUAGE_STANDARD = "gnu++14";
				CLANG_CXX_LIBRARY = "libc++";
				CLANG_ENABLE_MODULES = YES;
				CLANG_ENABLE_OBJC_ARC = YES;
				CLANG_ENABLE_OBJC_WEAK = YES;
				CLANG_WARN_BLOCK_CAPTURE_AUTORELEASING = YES;
				CLANG_WARN_BOOL_CONVERSION = YES;
				CLANG_WARN_COMMA = YES;
				CLANG_WARN_CONSTANT_CONVERSION = YES;
				CLANG_WARN_DEPRECATED_OBJC_IMPLEMENTATIONS = YES;
				CLANG_WARN_DIRECT_OBJC_ISA_USAGE = YES_ERROR;
				CLANG_WARN_DOCUMENTATION_COMMENTS = YES;
				CLANG_WARN_EMPTY_BODY = YES;
				CLANG_WARN_ENUM_CONVERSION = YES;
				CLANG_WARN_INFINITE_RECURSION = YES;
				CLANG_WARN_INT_CONVERSION = YES;
				CLANG_WARN_NON_LITERAL_NULL_CONVERSION = YES;
				CLANG_WARN_OBJC_IMPLICIT_RETAIN_SELF = YES;
				CLANG_WARN_OBJC_LITERAL_CONVERSION = YES;
				CLANG_WARN_OBJC_ROOT_CLASS = YES_ERROR;
				CLANG_WARN_QUOTED_INCLUDE_IN_FRAMEWORK_HEADER = YES;
				CLANG_WARN_RANGE_LOOP_ANALYSIS = YES;
				CLANG_WARN_STRICT_PROTOTYPES = YES;
				CLANG_WARN_SUSPICIOUS_MOVE = YES;
				CLANG_WARN_UNGUARDED_AVAILABILITY = YES_AGGRESSIVE;
				CLANG_WARN_UNREACHABLE_CODE = YES;
				CLANG_WARN__DUPLICATE_METHOD_MATCH = YES;
				COPY_PHASE_STRIP = NO;
				DEBUG_INFORMATION_FORMAT = dwarf;
				ENABLE_STRICT_OBJC_MSGSEND = YES;
				ENABLE_TESTABILITY = YES;
				GCC_C_LANGUAGE_STANDARD = gnu11;
				GCC_DYNAMIC_NO_PIC = NO;
				GCC_NO_COMMON_BLOCKS = YES;
				GCC_OPTIMIZATION_LEVEL = 0;
				GCC_PREPROCESSOR_DEFINITIONS = (
					"DEBUG=1",
					"$(inherited)",
				);
				GCC_WARN_64_TO_32_BIT_CONVERSION = YES;
				GCC_WARN_ABOUT_RETURN_TYPE = YES_ERROR;
				GCC_WARN_UNDECLARED_SELECTOR = YES;
				GCC_WARN_UNINITIALIZED_AUTOS = YES_AGGRESSIVE;
				GCC_WARN_UNUSED_FUNCTION = YES;
				GCC_WARN_UNUSED_VARIABLE = YES;
				IPHONEOS_DEPLOYMENT_TARGET = 14.0;
				MTL_ENABLE_DEBUG_INFO = INCLUDE_SOURCE;
				MTL_FAST_MATH = YES;
				ONLY_ACTIVE_ARCH = YES;
				SDKROOT = iphoneos;
				SWIFT_ACTIVE_COMPILATION_CONDITIONS = DEBUG;
				SWIFT_OPTIMIZATION_LEVEL = "-Onone";
			};
			name = Debug;
		};
		84E557AE2574F9B80075135D /* Release */ = {
			isa = XCBuildConfiguration;
			buildSettings = {
				ALWAYS_SEARCH_USER_PATHS = NO;
				CLANG_ANALYZER_NONNULL = YES;
				CLANG_ANALYZER_NUMBER_OBJECT_CONVERSION = YES_AGGRESSIVE;
				CLANG_CXX_LANGUAGE_STANDARD = "gnu++14";
				CLANG_CXX_LIBRARY = "libc++";
				CLANG_ENABLE_MODULES = YES;
				CLANG_ENABLE_OBJC_ARC = YES;
				CLANG_ENABLE_OBJC_WEAK = YES;
				CLANG_WARN_BLOCK_CAPTURE_AUTORELEASING = YES;
				CLANG_WARN_BOOL_CONVERSION = YES;
				CLANG_WARN_COMMA = YES;
				CLANG_WARN_CONSTANT_CONVERSION = YES;
				CLANG_WARN_DEPRECATED_OBJC_IMPLEMENTATIONS = YES;
				CLANG_WARN_DIRECT_OBJC_ISA_USAGE = YES_ERROR;
				CLANG_WARN_DOCUMENTATION_COMMENTS = YES;
				CLANG_WARN_EMPTY_BODY = YES;
				CLANG_WARN_ENUM_CONVERSION = YES;
				CLANG_WARN_INFINITE_RECURSION = YES;
				CLANG_WARN_INT_CONVERSION = YES;
				CLANG_WARN_NON_LITERAL_NULL_CONVERSION = YES;
				CLANG_WARN_OBJC_IMPLICIT_RETAIN_SELF = YES;
				CLANG_WARN_OBJC_LITERAL_CONVERSION = YES;
				CLANG_WARN_OBJC_ROOT_CLASS = YES_ERROR;
				CLANG_WARN_QUOTED_INCLUDE_IN_FRAMEWORK_HEADER = YES;
				CLANG_WARN_RANGE_LOOP_ANALYSIS = YES;
				CLANG_WARN_STRICT_PROTOTYPES = YES;
				CLANG_WARN_SUSPICIOUS_MOVE = YES;
				CLANG_WARN_UNGUARDED_AVAILABILITY = YES_AGGRESSIVE;
				CLANG_WARN_UNREACHABLE_CODE = YES;
				CLANG_WARN__DUPLICATE_METHOD_MATCH = YES;
				COPY_PHASE_STRIP = NO;
				DEBUG_INFORMATION_FORMAT = "dwarf-with-dsym";
				ENABLE_NS_ASSERTIONS = NO;
				ENABLE_STRICT_OBJC_MSGSEND = YES;
				GCC_C_LANGUAGE_STANDARD = gnu11;
				GCC_NO_COMMON_BLOCKS = YES;
				GCC_WARN_64_TO_32_BIT_CONVERSION = YES;
				GCC_WARN_ABOUT_RETURN_TYPE = YES_ERROR;
				GCC_WARN_UNDECLARED_SELECTOR = YES;
				GCC_WARN_UNINITIALIZED_AUTOS = YES_AGGRESSIVE;
				GCC_WARN_UNUSED_FUNCTION = YES;
				GCC_WARN_UNUSED_VARIABLE = YES;
				IPHONEOS_DEPLOYMENT_TARGET = 14.0;
				MTL_ENABLE_DEBUG_INFO = NO;
				MTL_FAST_MATH = YES;
				SDKROOT = iphoneos;
				SWIFT_COMPILATION_MODE = wholemodule;
				SWIFT_OPTIMIZATION_LEVEL = "-O";
				VALIDATE_PRODUCT = YES;
			};
			name = Release;
		};
		84E557B02574F9B80075135D /* Debug */ = {
			isa = XCBuildConfiguration;
			buildSettings = {
				ASSETCATALOG_COMPILER_APPICON_NAME = AppIcon;
				ASSETCATALOG_COMPILER_GLOBAL_ACCENT_COLOR_NAME = AccentColor;
				CODE_SIGN_STYLE = Automatic;
				DEVELOPMENT_TEAM = 7EJKV8CGJ8;
				INFOPLIST_FILE = TWClone/Info.plist;
				LD_RUNPATH_SEARCH_PATHS = (
					"$(inherited)",
					"@executable_path/Frameworks",
				);
				PRODUCT_BUNDLE_IDENTIFIER = RafaelAB.TWClone;
				PRODUCT_NAME = "$(TARGET_NAME)";
				SWIFT_VERSION = 5.0;
				TARGETED_DEVICE_FAMILY = "1,2";
			};
			name = Debug;
		};
		84E557B12574F9B80075135D /* Release */ = {
			isa = XCBuildConfiguration;
			buildSettings = {
				ASSETCATALOG_COMPILER_APPICON_NAME = AppIcon;
				ASSETCATALOG_COMPILER_GLOBAL_ACCENT_COLOR_NAME = AccentColor;
				CODE_SIGN_STYLE = Automatic;
				DEVELOPMENT_TEAM = 7EJKV8CGJ8;
				INFOPLIST_FILE = TWClone/Info.plist;
				LD_RUNPATH_SEARCH_PATHS = (
					"$(inherited)",
					"@executable_path/Frameworks",
				);
				PRODUCT_BUNDLE_IDENTIFIER = RafaelAB.TWClone;
				PRODUCT_NAME = "$(TARGET_NAME)";
				SWIFT_VERSION = 5.0;
				TARGETED_DEVICE_FAMILY = "1,2";
			};
			name = Release;
		};
/* End XCBuildConfiguration section */

/* Begin XCConfigurationList section */
		84E557962574F9B50075135D /* Build configuration list for PBXProject "TWClone" */ = {
			isa = XCConfigurationList;
			buildConfigurations = (
				84E557AD2574F9B80075135D /* Debug */,
				84E557AE2574F9B80075135D /* Release */,
			);
			defaultConfigurationIsVisible = 0;
			defaultConfigurationName = Release;
		};
		84E557AF2574F9B80075135D /* Build configuration list for PBXNativeTarget "TWClone" */ = {
			isa = XCConfigurationList;
			buildConfigurations = (
				84E557B02574F9B80075135D /* Debug */,
				84E557B12574F9B80075135D /* Release */,
			);
			defaultConfigurationIsVisible = 0;
			defaultConfigurationName = Release;
		};
/* End XCConfigurationList section */
	};
	rootObject = 84E557932574F9B50075135D /* Project object */;
}
